
Microsoft Visual Studio Solution File, Format Version 12.00
# Visual Studio 14
VisualStudioVersion = 14.0.25420.1
MinimumVisualStudioVersion = 10.0.40219.1
Project("{159641D6-6404-4A2A-AE62-294DE0FE8301}") = "CoffeeMerchantRepo", "CoffeeMerchantRepo\CoffeeMerchantRepo.dtproj", "{3D85E9BF-95DE-43AD-BC61-B1FCD83BC0E3}"
EndProject
Global
	GlobalSection(SolutionConfigurationPlatforms) = preSolution
		Development|Default = Development|Default
	EndGlobalSection
	GlobalSection(ProjectConfigurationPlatforms) = postSolution
		{3D85E9BF-95DE-43AD-BC61-B1FCD83BC0E3}.Development|Default.ActiveCfg = Development
		{3D85E9BF-95DE-43AD-BC61-B1FCD83BC0E3}.Development|Default.Build.0 = Development
	EndGlobalSection
	GlobalSection(SolutionProperties) = preSolution
		HideSolutionNode = FALSE
	EndGlobalSection
EndGlobal
